
Microsoft Visual Studio Solution File, Format Version 12.00
# Visual Studio Version 16
VisualStudioVersion = 16.0.30128.74
MinimumVisualStudioVersion = 10.0.40219.1
Project("{FAE04EC0-301F-11D3-BF4B-00C04F79EFBC}") = "TemperatureReaderApp", "TemperatureReaderApp\TemperatureReaderApp.csproj", "{EF03EB9B-7615-4862-B1C7-8B7E10874748}"
EndProject
Global
	GlobalSection(SolutionConfigurationPlatforms) = preSolution
		Debug|Any CPU = Debug|Any CPU
		Debug|x64 = Debug|x64
		Release|Any CPU = Release|Any CPU
		Release|x64 = Release|x64
	EndGlobalSection
	GlobalSection(ProjectConfigurationPlatforms) = postSolution
		{EF03EB9B-7615-4862-B1C7-8B7E10874748}.Debug|Any CPU.ActiveCfg = Debug|Any CPU
		{EF03EB9B-7615-4862-B1C7-8B7E10874748}.Debug|Any CPU.Build.0 = Debug|Any CPU
		{EF03EB9B-7615-4862-B1C7-8B7E10874748}.Debug|x64.ActiveCfg = Debug|x64
		{EF03EB9B-7615-4862-B1C7-8B7E10874748}.Debug|x64.Build.0 = Debug|x64
		{EF03EB9B-7615-4862-B1C7-8B7E10874748}.Release|Any CPU.ActiveCfg = Release|Any CPU
		{EF03EB9B-7615-4862-B1C7-8B7E10874748}.Release|Any CPU.Build.0 = Release|Any CPU
		{EF03EB9B-7615-4862-B1C7-8B7E10874748}.Release|x64.ActiveCfg = Release|x64
		{EF03EB9B-7615-4862-B1C7-8B7E10874748}.Release|x64.Build.0 = Release|x64
	EndGlobalSection
	GlobalSection(SolutionProperties) = preSolution
		HideSolutionNode = FALSE
	EndGlobalSection
	GlobalSection(ExtensibilityGlobals) = postSolution
		SolutionGuid = {2A6BA230-F953-46AA-BF13-8D601D06712D}
	EndGlobalSection
EndGlobal
